Microsoft Visual Studio Solution File, Format Version 12.00
# Visual Studio Version 17
VisualStudioVersion = 17.5.2.0
MinimumVisualStudioVersion = 10.0.40219.1
Project("{FAE04EC0-301F-11D3-BF4B-00C04F79EFBC}") = "CarConnectAPI", "CarConnectAPI.csproj", "{B8B6ECD9-67E9-54A5-133A-F3422A71E95F}"
EndProject
Global
	GlobalSection(SolutionConfigurationPlatforms) = preSolution
		Debug|Any CPU = Debug|Any CPU
		Release|Any CPU = Release|Any CPU
	EndGlobalSection
	GlobalSection(ProjectConfigurationPlatforms) = postSolution
		{B8B6ECD9-67E9-54A5-133A-F3422A71E95F}.Debug|Any CPU.ActiveCfg = Debug|Any CPU
		{B8B6ECD9-67E9-54A5-133A-F3422A71E95F}.Debug|Any CPU.Build.0 = Debug|Any CPU
		{B8B6ECD9-67E9-54A5-133A-F3422A71E95F}.Release|Any CPU.ActiveCfg = Release|Any CPU
		{B8B6ECD9-67E9-54A5-133A-F3422A71E95F}.Release|Any CPU.Build.0 = Release|Any CPU
	EndGlobalSection
	GlobalSection(SolutionProperties) = preSolution
		HideSolutionNode = FALSE
	EndGlobalSection
	GlobalSection(ExtensibilityGlobals) = postSolution
		SolutionGuid = {E3E780CE-57BF-4EF1-AEAC-8B4FEDC34DB0}
	EndGlobalSection
EndGlobal
