
Microsoft Visual Studio Solution File, Format Version 12.00
# Visual Studio Version 17
VisualStudioVersion = 17.13.35828.75
MinimumVisualStudioVersion = 10.0.40219.1
Project("{FAE04EC0-301F-11D3-BF4B-00C04F79EFBC}") = "UserMicroservice", "UserMicroService\UserMicroservice.csproj", "{A0237BCD-2B71-41F5-81FA-EAA387AD09F3}"
EndProject
Project("{FAE04EC0-301F-11D3-BF4B-00C04F79EFBC}") = "RideMicroservice", "RideMicroservice\RideMicroservice.csproj", "{AD9237A8-3AD2-4F49-A572-8F4C6D787022}"
EndProject
Project("{FAE04EC0-301F-11D3-BF4B-00C04F79EFBC}") = "MessageMicroservice", "MessageMicroservice\MessageMicroservice.csproj", "{FD9E1CAA-3740-451C-B18A-819369BC4468}"
EndProject
Project("{FAE04EC0-301F-11D3-BF4B-00C04F79EFBC}") = "BookingMicroservice", "BookingMicroservice\BookingMicroservice.csproj", "{E6F7E47E-E9F4-47CC-AD65-14BB61DDAD98}"
EndProject
Global
	GlobalSection(SolutionConfigurationPlatforms) = preSolution
		Debug|Any CPU = Debug|Any CPU
		Release|Any CPU = Release|Any CPU
	EndGlobalSection
	GlobalSection(ProjectConfigurationPlatforms) = postSolution
		{A0237BCD-2B71-41F5-81FA-EAA387AD09F3}.Debug|Any CPU.ActiveCfg = Debug|Any CPU
		{A0237BCD-2B71-41F5-81FA-EAA387AD09F3}.Debug|Any CPU.Build.0 = Debug|Any CPU
		{A0237BCD-2B71-41F5-81FA-EAA387AD09F3}.Release|Any CPU.ActiveCfg = Release|Any CPU
		{A0237BCD-2B71-41F5-81FA-EAA387AD09F3}.Release|Any CPU.Build.0 = Release|Any CPU
		{AD9237A8-3AD2-4F49-A572-8F4C6D787022}.Debug|Any CPU.ActiveCfg = Debug|Any CPU
		{AD9237A8-3AD2-4F49-A572-8F4C6D787022}.Debug|Any CPU.Build.0 = Debug|Any CPU
		{AD9237A8-3AD2-4F49-A572-8F4C6D787022}.Release|Any CPU.ActiveCfg = Release|Any CPU
		{AD9237A8-3AD2-4F49-A572-8F4C6D787022}.Release|Any CPU.Build.0 = Release|Any CPU
		{FD9E1CAA-3740-451C-B18A-819369BC4468}.Debug|Any CPU.ActiveCfg = Debug|Any CPU
		{FD9E1CAA-3740-451C-B18A-819369BC4468}.Debug|Any CPU.Build.0 = Debug|Any CPU
		{FD9E1CAA-3740-451C-B18A-819369BC4468}.Release|Any CPU.ActiveCfg = Release|Any CPU
		{FD9E1CAA-3740-451C-B18A-819369BC4468}.Release|Any CPU.Build.0 = Release|Any CPU
		{E6F7E47E-E9F4-47CC-AD65-14BB61DDAD98}.Debug|Any CPU.ActiveCfg = Debug|Any CPU
		{E6F7E47E-E9F4-47CC-AD65-14BB61DDAD98}.Debug|Any CPU.Build.0 = Debug|Any CPU
		{E6F7E47E-E9F4-47CC-AD65-14BB61DDAD98}.Release|Any CPU.ActiveCfg = Release|Any CPU
		{E6F7E47E-E9F4-47CC-AD65-14BB61DDAD98}.Release|Any CPU.Build.0 = Release|Any CPU
	EndGlobalSection
	GlobalSection(SolutionProperties) = preSolution
		HideSolutionNode = FALSE
	EndGlobalSection
	GlobalSection(ExtensibilityGlobals) = postSolution
		SolutionGuid = {48B5DBD0-B616-479C-B71E-FFE1A565F8B0}
	EndGlobalSection
EndGlobal
