
Microsoft Visual Studio Solution File, Format Version 12.00
# Visual Studio Version 17
VisualStudioVersion = 17.13.35828.75 d17.13
MinimumVisualStudioVersion = 10.0.40219.1
Project("{FAE04EC0-301F-11D3-BF4B-00C04F79EFBC}") = "CarConnectAPI", "CarConnectAPI\CarConnectAPI.csproj", "{A058ECB7-F5AB-415A-8FF7-4F049C90D0CA}"
EndProject
Global
	GlobalSection(SolutionConfigurationPlatforms) = preSolution
		Debug|Any CPU = Debug|Any CPU
		Release|Any CPU = Release|Any CPU
	EndGlobalSection
	GlobalSection(ProjectConfigurationPlatforms) = postSolution
		{A058ECB7-F5AB-415A-8FF7-4F049C90D0CA}.Debug|Any CPU.ActiveCfg = Debug|Any CPU
		{A058ECB7-F5AB-415A-8FF7-4F049C90D0CA}.Debug|Any CPU.Build.0 = Debug|Any CPU
		{A058ECB7-F5AB-415A-8FF7-4F049C90D0CA}.Release|Any CPU.ActiveCfg = Release|Any CPU
		{A058ECB7-F5AB-415A-8FF7-4F049C90D0CA}.Release|Any CPU.Build.0 = Release|Any CPU
	EndGlobalSection
	GlobalSection(SolutionProperties) = preSolution
		HideSolutionNode = FALSE
	EndGlobalSection
	GlobalSection(ExtensibilityGlobals) = postSolution
		SolutionGuid = {34E02146-8903-4BFA-B940-ED12222E7016}
	EndGlobalSection
EndGlobal
